{
  "requires": true,
  "lockfileVersion": 1,
  "dependencies": {
    "node-rtsp-stream": {
      "version": "0.0.9",
      "resolved": "https://registry.npmjs.org/node-rtsp-stream/-/node-rtsp-stream-0.0.9.tgz",
      "integrity": "sha512-ynSkdHL4fuhctl1GeK890De7n8Dw+37D6IAZGrzsFSrd4TYho6neFQpMS1t0ZRDGsAegKh2p6kl1l9Vo3pJk8w==",
      "requires": {
        "ws": "^7.0.0"
      }
    },
    "ws": {
      "version": "7.5.3",
      "resolved": "https://registry.npmjs.org/ws/-/ws-7.5.3.tgz",
      "integrity": "sha512-kQ/dHIzuLrS6Je9+uv81ueZomEwH0qVYstcAQ4/Z93K8zeko9gtAbttJWzoC5ukqXY1PpoouV3+VSOqEAFt5wg=="
    }
  }
}
